{
  "name": "sober.loc",
  "version": "1.0.0",
  "lockfileVersion": 1,
  "requires": true,
  "dependencies": {
    "bootstrap": {
      "version": "4.1.3",
      "resolved": "https://registry.npmjs.org/bootstrap/-/bootstrap-4.1.3.tgz",
      "integrity": "sha512-rDFIzgXcof0jDyjNosjv4Sno77X4KuPeFxG2XZZv1/Kc8DRVGVADdoQyyOVDwPqL36DDmtCQbrpMCqvpPLJQ0w=="
    },
    "commander": {
      "version": "2.19.0",
      "resolved": "https://registry.npmjs.org/commander/-/commander-2.19.0.tgz",
      "integrity": "sha512-6tvAOO+D6OENvRAh524Dh9jcfKTYDQAqvqezbCW82xj5X0pSrcpxtvRKHLG0yBY6SD7PSDrJaj+0AiOcKVd1Xg=="
    },
    "jquery": {
      "version": "3.3.1",
      "resolved": "https://registry.npmjs.org/jquery/-/jquery-3.3.1.tgz",
      "integrity": "sha512-Ubldcmxp5np52/ENotGxlLe6aGMvmF4R8S6tZjsP6Knsaxd/xp3Zrh50cG93lR6nPXyUFwzN3ZSOQI0wRJNdGg=="
    },
    "node-php-server": {
      "version": "0.1.2",
      "resolved": "https://registry.npmjs.org/node-php-server/-/node-php-server-0.1.2.tgz",
      "integrity": "sha1-ExoFCdYDrs4y+P3kEvUrnEriZig=",
      "requires": {
        "open": "*"
      }
    },
    "open": {
      "version": "0.0.5",
      "resolved": "https://registry.npmjs.org/open/-/open-0.0.5.tgz",
      "integrity": "sha1-QsPhjslUZra/DcQvOilFw/DK2Pw="
    },
    "php-serve": {
      "version": "0.0.1",
      "resolved": "https://registry.npmjs.org/php-serve/-/php-serve-0.0.1.tgz",
      "integrity": "sha1-FPR4Fku8iJrnXRpZUSQnrXThgcw=",
      "requires": {
        "commander": "^2.9.0",
        "node-php-server": "^0.1.2"
      }
    },
    "popper.js": {
      "version": "1.14.6",
      "resolved": "https://registry.npmjs.org/popper.js/-/popper.js-1.14.6.tgz",
      "integrity": "sha512-AGwHGQBKumlk/MDfrSOf0JHhJCImdDMcGNoqKmKkU+68GFazv3CQ6q9r7Ja1sKDZmYWTckY/uLyEznheTDycnA=="
    },
    "webpack-laravel-mix-manifest": {
      "version": "1.0.6",
      "resolved": "https://registry.npmjs.org/webpack-laravel-mix-manifest/-/webpack-laravel-mix-manifest-1.0.6.tgz",
      "integrity": "sha1-/WDcOq45O/aFMBeUirlnW1xxedM=",
      "dev": true
    }
  }
}
